
Microsoft Visual Studio Solution File, Format Version 12.00
# Visual Studio Version 17
VisualStudioVersion = 17.4.33122.133
MinimumVisualStudioVersion = 10.0.40219.1
Project("{9A19103F-16F7-4668-BE54-9A1E7A4F7556}") = "Server_TCP2", "Server_TCP2.csproj", "{5BBF2292-DD3C-43F6-8704-A01E6D55FCAF}"
EndProject
Project("{9A19103F-16F7-4668-BE54-9A1E7A4F7556}") = "Client", "..\Client\Client.csproj", "{28497B08-4F55-4769-90FB-39A6544432ED}"
EndProject
Global
	GlobalSection(SolutionConfigurationPlatforms) = preSolution
		Debug|Any CPU = Debug|Any CPU
		Release|Any CPU = Release|Any CPU
	EndGlobalSection
	GlobalSection(ProjectConfigurationPlatforms) = postSolution
		{5BBF2292-DD3C-43F6-8704-A01E6D55FCAF}.Debug|Any CPU.ActiveCfg = Debug|Any CPU
		{5BBF2292-DD3C-43F6-8704-A01E6D55FCAF}.Debug|Any CPU.Build.0 = Debug|Any CPU
		{5BBF2292-DD3C-43F6-8704-A01E6D55FCAF}.Release|Any CPU.ActiveCfg = Release|Any CPU
		{5BBF2292-DD3C-43F6-8704-A01E6D55FCAF}.Release|Any CPU.Build.0 = Release|Any CPU
		{28497B08-4F55-4769-90FB-39A6544432ED}.Debug|Any CPU.ActiveCfg = Debug|Any CPU
		{28497B08-4F55-4769-90FB-39A6544432ED}.Debug|Any CPU.Build.0 = Debug|Any CPU
		{28497B08-4F55-4769-90FB-39A6544432ED}.Release|Any CPU.ActiveCfg = Release|Any CPU
		{28497B08-4F55-4769-90FB-39A6544432ED}.Release|Any CPU.Build.0 = Release|Any CPU
	EndGlobalSection
	GlobalSection(SolutionProperties) = preSolution
		HideSolutionNode = FALSE
	EndGlobalSection
	GlobalSection(ExtensibilityGlobals) = postSolution
		SolutionGuid = {B93A9B75-2651-493F-8CC0-92BDFFA50C40}
	EndGlobalSection
EndGlobal
